// !$*UTF8*$!
{
	archiveVersion = 1;
	classes = {
	};
	objectVersion = 50;
	objects = {

/* Begin PBXBuildFile section */
		2DEB4FC82309C57700424472 /* AppDelegate.swift in Sources */ = {isa = PBXBuildFile; fileRef = 2DEB4FC72309C57700424472 /* AppDelegate.swift */; };
		2DEB4FCA2309C57700424472 /* CreateMemeViewController.swift in Sources */ = {isa = PBXBuildFile; fileRef = 2DEB4FC92309C57700424472 /* CreateMemeViewController.swift */; };
		2DEB4FCD2309C57700424472 /* Main.storyboard in Resources */ = {isa = PBXBuildFile; fileRef = 2DEB4FCB2309C57700424472 /* Main.storyboard */; };
		2DEB4FCF2309C57700424472 /* Assets.xcassets in Resources */ = {isa = PBXBuildFile; fileRef = 2DEB4FCE2309C57700424472 /* Assets.xcassets */; };
		2DEB4FD22309C57800424472 /* LaunchScreen.storyboard in Resources */ = {isa = PBXBuildFile; fileRef = 2DEB4FD02309C57800424472 /* LaunchScreen.storyboard */; };
		2DEB4FDB2309EB1600424472 /* Impact.ttf in Resources */ = {isa = PBXBuildFile; fileRef = 2DEB4FDA2309EB1600424472 /* Impact.ttf */; };
		2DEB4FDD230EE1EC00424472 /* MemeStruct.swift in Sources */ = {isa = PBXBuildFile; fileRef = 2DEB4FDC230EE1EB00424472 /* MemeStruct.swift */; };
		2DEB5025231581C400424472 /* SentMemesTableViewController.swift in Sources */ = {isa = PBXBuildFile; fileRef = 2DEB5024231581C400424472 /* SentMemesTableViewController.swift */; };
		2DEB5027231581CA00424472 /* SentMemesCollectionViewController.swift in Sources */ = {isa = PBXBuildFile; fileRef = 2DEB5026231581CA00424472 /* SentMemesCollectionViewController.swift */; };
		2DEB50382317ECB600424472 /* SentMemesCollectionViewCell.swift in Sources */ = {isa = PBXBuildFile; fileRef = 2DEB50362317ECB600424472 /* SentMemesCollectionViewCell.swift */; };
		2DEB50392317ECB600424472 /* SentMemesCollectionViewCell.xib in Resources */ = {isa = PBXBuildFile; fileRef = 2DEB50372317ECB600424472 /* SentMemesCollectionViewCell.xib */; };
		2DEB50412328361000424472 /* ShowMemeViewController.swift in Sources */ = {isa = PBXBuildFile; fileRef = 2DEB50402328361000424472 /* ShowMemeViewController.swift */; };
/* End PBXBuildFile section */

/* Begin PBXFileReference section */
		2DEB4FC42309C57700424472 /* MeMe 2.0.app */ = {isa = PBXFileReference; explicitFileType = wrapper.application; includeInIndex = 0; path = "MeMe 2.0.app"; sourceTree = BUILT_PRODUCTS_DIR; };
		2DEB4FC72309C57700424472 /* AppDelegate.swift */ = {isa = PBXFileReference; lastKnownFileType = sourcecode.swift; path = AppDelegate.swift; sourceTree = "<group>"; };
		2DEB4FC92309C57700424472 /* CreateMemeViewController.swift */ = {isa = PBXFileReference; lastKnownFileType = sourcecode.swift; path = CreateMemeViewController.swift; sourceTree = "<group>"; };
		2DEB4FCC2309C57700424472 /* Base */ = {isa = PBXFileReference; lastKnownFileType = file.storyboard; name = Base; path = Base.lproj/Main.storyboard; sourceTree = "<group>"; };
		2DEB4FCE2309C57700424472 /* Assets.xcassets */ = {isa = PBXFileReference; lastKnownFileType = folder.assetcatalog; path = Assets.xcassets; sourceTree = "<group>"; };
		2DEB4FD12309C57800424472 /* Base */ = {isa = PBXFileReference; lastKnownFileType = file.storyboard; name = Base; path = Base.lproj/LaunchScreen.storyboard; sourceTree = "<group>"; };
		2DEB4FD32309C57800424472 /* Info.plist */ = {isa = PBXFileReference; lastKnownFileType = text.plist.xml; path = Info.plist; sourceTree = "<group>"; };
		2DEB4FDA2309EB1600424472 /* Impact.ttf */ = {isa = PBXFileReference; lastKnownFileType = file; path = Impact.ttf; sourceTree = "<group>"; };
		2DEB4FDC230EE1EB00424472 /* MemeStruct.swift */ = {isa = PBXFileReference; lastKnownFileType = sourcecode.swift; path = MemeStruct.swift; sourceTree = "<group>"; };
		2DEB5024231581C400424472 /* SentMemesTableViewController.swift */ = {isa = PBXFileReference; fileEncoding = 4; lastKnownFileType = sourcecode.swift; path = SentMemesTableViewController.swift; sourceTree = "<group>"; };
		2DEB5026231581CA00424472 /* SentMemesCollectionViewController.swift */ = {isa = PBXFileReference; fileEncoding = 4; lastKnownFileType = sourcecode.swift; path = SentMemesCollectionViewController.swift; sourceTree = "<group>"; };
		2DEB50362317ECB600424472 /* SentMemesCollectionViewCell.swift */ = {isa = PBXFileReference; fileEncoding = 4; lastKnownFileType = sourcecode.swift; path = SentMemesCollectionViewCell.swift; sourceTree = "<group>"; };
		2DEB50372317ECB600424472 /* SentMemesCollectionViewCell.xib */ = {isa = PBXFileReference; fileEncoding = 4; lastKnownFileType = file.xib; path = SentMemesCollectionViewCell.xib; sourceTree = "<group>"; };
		2DEB50402328361000424472 /* ShowMemeViewController.swift */ = {isa = PBXFileReference; lastKnownFileType = sourcecode.swift; path = ShowMemeViewController.swift; sourceTree = "<group>"; };
/* End PBXFileReference section */

/* Begin PBXFrameworksBuildPhase section */
		2DEB4FC12309C57700424472 /* Frameworks */ = {
			isa = PBXFrameworksBuildPhase;
			buildActionMask = 2147483647;
			files = (
			);
			runOnlyForDeploymentPostprocessing = 0;
		};
/* End PBXFrameworksBuildPhase section */

/* Begin PBXGroup section */
		2DEB4FBB2309C57700424472 = {
			isa = PBXGroup;
			children = (
				2DEB4FC62309C57700424472 /* MeMe 2.0 */,
				2DEB4FC52309C57700424472 /* Products */,
			);
			sourceTree = "<group>";
		};
		2DEB4FC52309C57700424472 /* Products */ = {
			isa = PBXGroup;
			children = (
				2DEB4FC42309C57700424472 /* MeMe 2.0.app */,
			);
			name = Products;
			sourceTree = "<group>";
		};
		2DEB4FC62309C57700424472 /* MeMe 2.0 */ = {
			isa = PBXGroup;
			children = (
				2DEB4FC72309C57700424472 /* AppDelegate.swift */,
				2DEB4FC92309C57700424472 /* CreateMemeViewController.swift */,
				2DEB5026231581CA00424472 /* SentMemesCollectionViewController.swift */,
				2DEB4FDC230EE1EB00424472 /* MemeStruct.swift */,
				2DEB4FCB2309C57700424472 /* Main.storyboard */,
				2DEB50402328361000424472 /* ShowMemeViewController.swift */,
				2DEB50362317ECB600424472 /* SentMemesCollectionViewCell.swift */,
				2DEB50372317ECB600424472 /* SentMemesCollectionViewCell.xib */,
				2DEB5024231581C400424472 /* SentMemesTableViewController.swift */,
				2DEB4FCE2309C57700424472 /* Assets.xcassets */,
				2DEB4FD02309C57800424472 /* LaunchScreen.storyboard */,
				2DEB4FD32309C57800424472 /* Info.plist */,
				2DEB4FDA2309EB1600424472 /* Impact.ttf */,
			);
			path = "MeMe 2.0";
			sourceTree = "<group>";
		};
/* End PBXGroup section */

/* Begin PBXNativeTarget section */
		2DEB4FC32309C57700424472 /* MeMe 2.0 */ = {
			isa = PBXNativeTarget;
			buildConfigurationList = 2DEB4FD62309C57800424472 /* Build configuration list for PBXNativeTarget "MeMe 2.0" */;
			buildPhases = (
				2DEB4FC02309C57700424472 /* Sources */,
				2DEB4FC12309C57700424472 /* Frameworks */,
				2DEB4FC22309C57700424472 /* Resources */,
			);
			buildRules = (
			);
			dependencies = (
			);
			name = "MeMe 2.0";
			productName = "MeMe 1.0";
			productReference = 2DEB4FC42309C57700424472 /* MeMe 2.0.app */;
			productType = "com.apple.product-type.application";
		};
/* End PBXNativeTarget section */

/* Begin PBXProject section */
		2DEB4FBC2309C57700424472 /* Project object */ = {
			isa = PBXProject;
			attributes = {
				LastSwiftUpdateCheck = 1020;
				LastUpgradeCheck = 1020;
				ORGANIZATIONNAME = "Anna Kulaieva";
				TargetAttributes = {
					2DEB4FC32309C57700424472 = {
						CreatedOnToolsVersion = 10.2.1;
					};
				};
			};
			buildConfigurationList = 2DEB4FBF2309C57700424472 /* Build configuration list for PBXProject "MeMe 2.0" */;
			compatibilityVersion = "Xcode 9.3";
			developmentRegion = en;
			hasScannedForEncodings = 0;
			knownRegions = (
				en,
				Base,
			);
			mainGroup = 2DEB4FBB2309C57700424472;
			productRefGroup = 2DEB4FC52309C57700424472 /* Products */;
			projectDirPath = "";
			projectRoot = "";
			targets = (
				2DEB4FC32309C57700424472 /* MeMe 2.0 */,
			);
		};
/* End PBXProject section */

/* Begin PBXResourcesBuildPhase section */
		2DEB4FC22309C57700424472 /* Resources */ = {
			isa = PBXResourcesBuildPhase;
			buildActionMask = 2147483647;
			files = (
				2DEB50392317ECB600424472 /* SentMemesCollectionViewCell.xib in Resources */,
				2DEB4FDB2309EB1600424472 /* Impact.ttf in Resources */,
				2DEB4FD22309C57800424472 /* LaunchScreen.storyboard in Resources */,
				2DEB4FCF2309C57700424472 /* Assets.xcassets in Resources */,
				2DEB4FCD2309C57700424472 /* Main.storyboard in Resources */,
			);
			runOnlyForDeploymentPostprocessing = 0;
		};
/* End PBXResourcesBuildPhase section */

/* Begin PBXSourcesBuildPhase section */
		2DEB4FC02309C57700424472 /* Sources */ = {
			isa = PBXSourcesBuildPhase;
			buildActionMask = 2147483647;
			files = (
				2DEB4FCA2309C57700424472 /* CreateMemeViewController.swift in Sources */,
				2DEB5025231581C400424472 /* SentMemesTableViewController.swift in Sources */,
				2DEB50412328361000424472 /* ShowMemeViewController.swift in Sources */,
				2DEB5027231581CA00424472 /* SentMemesCollectionViewController.swift in Sources */,
				2DEB4FDD230EE1EC00424472 /* MemeStruct.swift in Sources */,
				2DEB50382317ECB600424472 /* SentMemesCollectionViewCell.swift in Sources */,
				2DEB4FC82309C57700424472 /* AppDelegate.swift in Sources */,
			);
			runOnlyForDeploymentPostprocessing = 0;
		};
/* End PBXSourcesBuildPhase section */

/* Begin PBXVariantGroup section */
		2DEB4FCB2309C57700424472 /* Main.storyboard */ = {
			isa = PBXVariantGroup;
			children = (
				2DEB4FCC2309C57700424472 /* Base */,
			);
			name = Main.storyboard;
			sourceTree = "<group>";
		};
		2DEB4FD02309C57800424472 /* LaunchScreen.storyboard */ = {
			isa = PBXVariantGroup;
			children = (
				2DEB4FD12309C57800424472 /* Base */,
			);
			name = LaunchScreen.storyboard;
			sourceTree = "<group>";
		};
/* End PBXVariantGroup section */

/* Begin XCBuildConfiguration section */
		2DEB4FD42309C57800424472 /* Debug */ = {
			isa = XCBuildConfiguration;
			buildSettings = {
				ALWAYS_SEARCH_USER_PATHS = NO;
				CLANG_ANALYZER_NONNULL = YES;
				CLANG_ANALYZER_NUMBER_OBJECT_CONVERSION = YES_AGGRESSIVE;
				CLANG_CXX_LANGUAGE_STANDARD = "gnu++14";
				CLANG_CXX_LIBRARY = "libc++";
				CLANG_ENABLE_MODULES = YES;
				CLANG_ENABLE_OBJC_ARC = YES;
				CLANG_ENABLE_OBJC_WEAK = YES;
				CLANG_WARN_BLOCK_CAPTURE_AUTORELEASING = YES;
				CLANG_WARN_BOOL_CONVERSION = YES;
				CLANG_WARN_COMMA = YES;
				CLANG_WARN_CONSTANT_CONVERSION = YES;
				CLANG_WARN_DEPRECATED_OBJC_IMPLEMENTATIONS = YES;
				CLANG_WARN_DIRECT_OBJC_ISA_USAGE = YES_ERROR;
				CLANG_WARN_DOCUMENTATION_COMMENTS = YES;
				CLANG_WARN_EMPTY_BODY = YES;
				CLANG_WARN_ENUM_CONVERSION = YES;
				CLANG_WARN_INFINITE_RECURSION = YES;
				CLANG_WARN_INT_CONVERSION = YES;
				CLANG_WARN_NON_LITERAL_NULL_CONVERSION = YES;
				CLANG_WARN_OBJC_IMPLICIT_RETAIN_SELF = YES;
				CLANG_WARN_OBJC_LITERAL_CONVERSION = YES;
				CLANG_WARN_OBJC_ROOT_CLASS = YES_ERROR;
				CLANG_WARN_RANGE_LOOP_ANALYSIS = YES;
				CLANG_WARN_STRICT_PROTOTYPES = YES;
				CLANG_WARN_SUSPICIOUS_MOVE = YES;
				CLANG_WARN_UNGUARDED_AVAILABILITY = YES_AGGRESSIVE;
				CLANG_WARN_UNREACHABLE_CODE = YES;
				CLANG_WARN__DUPLICATE_METHOD_MATCH = YES;
				CODE_SIGN_IDENTITY = "iPhone Developer";
				COPY_PHASE_STRIP = NO;
				DEBUG_INFORMATION_FORMAT = dwarf;
				ENABLE_STRICT_OBJC_MSGSEND = YES;
				ENABLE_TESTABILITY = YES;
				GCC_C_LANGUAGE_STANDARD = gnu11;
				GCC_DYNAMIC_NO_PIC = NO;
				GCC_NO_COMMON_BLOCKS = YES;
				GCC_OPTIMIZATION_LEVEL = 0;
				GCC_PREPROCESSOR_DEFINITIONS = (
					"DEBUG=1",
					"$(inherited)",
				);
				GCC_WARN_64_TO_32_BIT_CONVERSION = YES;
				GCC_WARN_ABOUT_RETURN_TYPE = YES_ERROR;
				GCC_WARN_UNDECLARED_SELECTOR = YES;
				GCC_WARN_UNINITIALIZED_AUTOS = YES_AGGRESSIVE;
				GCC_WARN_UNUSED_FUNCTION = YES;
				GCC_WARN_UNUSED_VARIABLE = YES;
				IPHONEOS_DEPLOYMENT_TARGET = 12.2;
				MTL_ENABLE_DEBUG_INFO = INCLUDE_SOURCE;
				MTL_FAST_MATH = YES;
				ONLY_ACTIVE_ARCH = YES;
				SDKROOT = iphoneos;
				SWIFT_ACTIVE_COMPILATION_CONDITIONS = DEBUG;
				SWIFT_OPTIMIZATION_LEVEL = "-Onone";
			};
			name = Debug;
		};
		2DEB4FD52309C57800424472 /* Release */ = {
			isa = XCBuildConfiguration;
			buildSettings = {
				ALWAYS_SEARCH_USER_PATHS = NO;
				CLANG_ANALYZER_NONNULL = YES;
				CLANG_ANALYZER_NUMBER_OBJECT_CONVERSION = YES_AGGRESSIVE;
				CLANG_CXX_LANGUAGE_STANDARD = "gnu++14";
				CLANG_CXX_LIBRARY = "libc++";
				CLANG_ENABLE_MODULES = YES;
				CLANG_ENABLE_OBJC_ARC = YES;
				CLANG_ENABLE_OBJC_WEAK = YES;
				CLANG_WARN_BLOCK_CAPTURE_AUTORELEASING = YES;
				CLANG_WARN_BOOL_CONVERSION = YES;
				CLANG_WARN_COMMA = YES;
				CLANG_WARN_CONSTANT_CONVERSION = YES;
				CLANG_WARN_DEPRECATED_OBJC_IMPLEMENTATIONS = YES;
				CLANG_WARN_DIRECT_OBJC_ISA_USAGE = YES_ERROR;
				CLANG_WARN_DOCUMENTATION_COMMENTS = YES;
				CLANG_WARN_EMPTY_BODY = YES;
				CLANG_WARN_ENUM_CONVERSION = YES;
				CLANG_WARN_INFINITE_RECURSION = YES;
				CLANG_WARN_INT_CONVERSION = YES;
				CLANG_WARN_NON_LITERAL_NULL_CONVERSION = YES;
				CLANG_WARN_OBJC_IMPLICIT_RETAIN_SELF = YES;
				CLANG_WARN_OBJC_LITERAL_CONVERSION = YES;
				CLANG_WARN_OBJC_ROOT_CLASS = YES_ERROR;
				CLANG_WARN_RANGE_LOOP_ANALYSIS = YES;
				CLANG_WARN_STRICT_PROTOTYPES = YES;
				CLANG_WARN_SUSPICIOUS_MOVE = YES;
				CLANG_WARN_UNGUARDED_AVAILABILITY = YES_AGGRESSIVE;
				CLANG_WARN_UNREACHABLE_CODE = YES;
				CLANG_WARN__DUPLICATE_METHOD_MATCH = YES;
				CODE_SIGN_IDENTITY = "iPhone Developer";
				COPY_PHASE_STRIP = NO;
				DEBUG_INFORMATION_FORMAT = "dwarf-with-dsym";
				ENABLE_NS_ASSERTIONS = NO;
				ENABLE_STRICT_OBJC_MSGSEND = YES;
				GCC_C_LANGUAGE_STANDARD = gnu11;
				GCC_NO_COMMON_BLOCKS = YES;
				GCC_WARN_64_TO_32_BIT_CONVERSION = YES;
				GCC_WARN_ABOUT_RETURN_TYPE = YES_ERROR;
				GCC_WARN_UNDECLARED_SELECTOR = YES;
				GCC_WARN_UNINITIALIZED_AUTOS = YES_AGGRESSIVE;
				GCC_WARN_UNUSED_FUNCTION = YES;
				GCC_WARN_UNUSED_VARIABLE = YES;
				IPHONEOS_DEPLOYMENT_TARGET = 12.2;
				MTL_ENABLE_DEBUG_INFO = NO;
				MTL_FAST_MATH = YES;
				SDKROOT = iphoneos;
				SWIFT_COMPILATION_MODE = wholemodule;
				SWIFT_OPTIMIZATION_LEVEL = "-O";
				VALIDATE_PRODUCT = YES;
			};
			name = Release;
		};
		2DEB4FD72309C57800424472 /* Debug */ = {
			isa = XCBuildConfiguration;
			buildSettings = {
				ASSETCATALOG_COMPILER_APPICON_NAME = AppIcon;
				CODE_SIGN_STYLE = Automatic;
				DEVELOPMENT_TEAM = 7RLP9KGATX;
				INFOPLIST_FILE = "MeMe 2.0/Info.plist";
				LD_RUNPATH_SEARCH_PATHS = (
					"$(inherited)",
					"@executable_path/Frameworks",
				);
				PRODUCT_BUNDLE_IDENTIFIER = "com.akulaiev.MeMe-2-0";
				PRODUCT_NAME = "$(TARGET_NAME)";
				SWIFT_VERSION = 5.0;
				TARGETED_DEVICE_FAMILY = "1,2";
			};
			name = Debug;
		};
		2DEB4FD82309C57800424472 /* Release */ = {
			isa = XCBuildConfiguration;
			buildSettings = {
				ASSETCATALOG_COMPILER_APPICON_NAME = AppIcon;
				CODE_SIGN_STYLE = Automatic;
				DEVELOPMENT_TEAM = 7RLP9KGATX;
				INFOPLIST_FILE = "MeMe 2.0/Info.plist";
				LD_RUNPATH_SEARCH_PATHS = (
					"$(inherited)",
					"@executable_path/Frameworks",
				);
				PRODUCT_BUNDLE_IDENTIFIER = "com.akulaiev.MeMe-2-0";
				PRODUCT_NAME = "$(TARGET_NAME)";
				SWIFT_VERSION = 5.0;
				TARGETED_DEVICE_FAMILY = "1,2";
			};
			name = Release;
		};
/* End XCBuildConfiguration section */

/* Begin XCConfigurationList section */
		2DEB4FBF2309C57700424472 /* Build configuration list for PBXProject "MeMe 2.0" */ = {
			isa = XCConfigurationList;
			buildConfigurations = (
				2DEB4FD42309C57800424472 /* Debug */,
				2DEB4FD52309C57800424472 /* Release */,
			);
			defaultConfigurationIsVisible = 0;
			defaultConfigurationName = Release;
		};
		2DEB4FD62309C57800424472 /* Build configuration list for PBXNativeTarget "MeMe 2.0" */ = {
			isa = XCConfigurationList;
			buildConfigurations = (
				2DEB4FD72309C57800424472 /* Debug */,
				2DEB4FD82309C57800424472 /* Release */,
			);
			defaultConfigurationIsVisible = 0;
			defaultConfigurationName = Release;
		};
/* End XCConfigurationList section */
	};
	rootObject = 2DEB4FBC2309C57700424472 /* Project object */;
}
